// !$*UTF8*$!
{
	archiveVersion = 1;
	classes = {
	};
	objectVersion = 56;
	objects = {

/* Begin PBXBuildFile section */
		04570C3B2C36BF7600B5B03F /* ColorsFile.swift in Sources */ = {isa = PBXBuildFile; fileRef = 04570C3A2C36BF7600B5B03F /* ColorsFile.swift */; };
		04A3858A2C37B53300832DDC /* Poppins-Regular.ttf in Resources */ = {isa = PBXBuildFile; fileRef = 04A385892C37B53300832DDC /* Poppins-Regular.ttf */; };
		04A385952C37BFD600832DDC /* PasswordField.swift in Sources */ = {isa = PBXBuildFile; fileRef = 04A3858F2C37BFD600832DDC /* PasswordField.swift */; };
		04A385962C37BFD700832DDC /* PasswordField.swift in Sources */ = {isa = PBXBuildFile; fileRef = 04A3858F2C37BFD600832DDC /* PasswordField.swift */; };
		04A385972C37BFD700832DDC /* PasswordField.swift in Sources */ = {isa = PBXBuildFile; fileRef = 04A3858F2C37BFD600832DDC /* PasswordField.swift */; };
		04A385982C37BFD700832DDC /* ImageView.swift in Sources */ = {isa = PBXBuildFile; fileRef = 04A385902C37BFD600832DDC /* ImageView.swift */; };
		04A385992C37BFD700832DDC /* ImageView.swift in Sources */ = {isa = PBXBuildFile; fileRef = 04A385902C37BFD600832DDC /* ImageView.swift */; };
		04A3859A2C37BFD700832DDC /* ImageView.swift in Sources */ = {isa = PBXBuildFile; fileRef = 04A385902C37BFD600832DDC /* ImageView.swift */; };
		04A3859B2C37BFD700832DDC /* TitleLable.swift in Sources */ = {isa = PBXBuildFile; fileRef = 04A385912C37BFD600832DDC /* TitleLable.swift */; };
		04A3859C2C37BFD700832DDC /* TitleLable.swift in Sources */ = {isa = PBXBuildFile; fileRef = 04A385912C37BFD600832DDC /* TitleLable.swift */; };
		04A3859D2C37BFD700832DDC /* TitleLable.swift in Sources */ = {isa = PBXBuildFile; fileRef = 04A385912C37BFD600832DDC /* TitleLable.swift */; };
		04A3859E2C37BFD700832DDC /* TextLabel.swift in Sources */ = {isa = PBXBuildFile; fileRef = 04A385922C37BFD600832DDC /* TextLabel.swift */; };
		04A3859F2C37BFD700832DDC /* TextLabel.swift in Sources */ = {isa = PBXBuildFile; fileRef = 04A385922C37BFD600832DDC /* TextLabel.swift */; };
		04A385A02C37BFD700832DDC /* TextLabel.swift in Sources */ = {isa = PBXBuildFile; fileRef = 04A385922C37BFD600832DDC /* TextLabel.swift */; };
		04A385A12C37BFD700832DDC /* MainButton.swift in Sources */ = {isa = PBXBuildFile; fileRef = 04A385932C37BFD600832DDC /* MainButton.swift */; };
		04A385A22C37BFD700832DDC /* MainButton.swift in Sources */ = {isa = PBXBuildFile; fileRef = 04A385932C37BFD600832DDC /* MainButton.swift */; };
		04A385A32C37BFD700832DDC /* MainButton.swift in Sources */ = {isa = PBXBuildFile; fileRef = 04A385932C37BFD600832DDC /* MainButton.swift */; };
		04A385A42C37BFD700832DDC /* HeadingLabel.swift in Sources */ = {isa = PBXBuildFile; fileRef = 04A385942C37BFD600832DDC /* HeadingLabel.swift */; };
		04A385A52C37BFD700832DDC /* HeadingLabel.swift in Sources */ = {isa = PBXBuildFile; fileRef = 04A385942C37BFD600832DDC /* HeadingLabel.swift */; };
		04A385A62C37BFD700832DDC /* HeadingLabel.swift in Sources */ = {isa = PBXBuildFile; fileRef = 04A385942C37BFD600832DDC /* HeadingLabel.swift */; };
		04A385A72C37C18800832DDC /* Poppins-Bold.ttf in Resources */ = {isa = PBXBuildFile; fileRef = 04A385832C37B4DC00832DDC /* Poppins-Bold.ttf */; };
		7ACDE3872C370B0600AFAAE7 /* createAccount.swift in Sources */ = {isa = PBXBuildFile; fileRef = 7ACDE3862C370B0600AFAAE7 /* createAccount.swift */; };
		7ACDE42E2C3BD82F00AFAAE7 /* Profile.swift in Sources */ = {isa = PBXBuildFile; fileRef = 7ACDE42D2C3BD82E00AFAAE7 /* Profile.swift */; };
		D1BFEE7A2C367620006492F2 /* FirebaseAuth in Frameworks */ = {isa = PBXBuildFile; productRef = D1BFEE792C367620006492F2 /* FirebaseAuth */; };
		D1BFEE7C2C367620006492F2 /* FirebaseAuthCombine-Community in Frameworks */ = {isa = PBXBuildFile; productRef = D1BFEE7B2C367620006492F2 /* FirebaseAuthCombine-Community */; };
		D1BFEE7E2C367620006492F2 /* FirebaseDatabase in Frameworks */ = {isa = PBXBuildFile; productRef = D1BFEE7D2C367620006492F2 /* FirebaseDatabase */; };
		D1BFEE802C367620006492F2 /* FirebaseDatabaseSwift in Frameworks */ = {isa = PBXBuildFile; productRef = D1BFEE7F2C367620006492F2 /* FirebaseDatabaseSwift */; };
		D1BFEE822C367620006492F2 /* FirebaseFirestore in Frameworks */ = {isa = PBXBuildFile; productRef = D1BFEE812C367620006492F2 /* FirebaseFirestore */; };
		D1BFEE842C367620006492F2 /* FirebaseFirestoreSwift in Frameworks */ = {isa = PBXBuildFile; productRef = D1BFEE832C367620006492F2 /* FirebaseFirestoreSwift */; };
		D1BFEE862C367620006492F2 /* FirebaseStorage in Frameworks */ = {isa = PBXBuildFile; productRef = D1BFEE852C367620006492F2 /* FirebaseStorage */; };
		D1C146132C39C34D00F6E43F /* CourseModel.swift in Sources */ = {isa = PBXBuildFile; fileRef = EF2EB61C2C397D93007A56B4 /* CourseModel.swift */; };
		D1C146142C39C34D00F6E43F /* CourseModel.swift in Sources */ = {isa = PBXBuildFile; fileRef = EF2EB61C2C397D93007A56B4 /* CourseModel.swift */; };
		D1EF76382C39420200C8B8A9 /* GoogleService-Info.plist in Resources */ = {isa = PBXBuildFile; fileRef = D1EF76372C39420200C8B8A9 /* GoogleService-Info.plist */; };
		D1EF76392C39420200C8B8A9 /* GoogleService-Info.plist in Resources */ = {isa = PBXBuildFile; fileRef = D1EF76372C39420200C8B8A9 /* GoogleService-Info.plist */; };
		D1EF763A2C39420200C8B8A9 /* GoogleService-Info.plist in Resources */ = {isa = PBXBuildFile; fileRef = D1EF76372C39420200C8B8A9 /* GoogleService-Info.plist */; };
		D1EF763C2C3969FF00C8B8A9 /* courseCategories.swift in Sources */ = {isa = PBXBuildFile; fileRef = D1EF763B2C3969FF00C8B8A9 /* courseCategories.swift */; };
		D1EF763D2C3969FF00C8B8A9 /* courseCategories.swift in Sources */ = {isa = PBXBuildFile; fileRef = D1EF763B2C3969FF00C8B8A9 /* courseCategories.swift */; };
		D1EF763E2C3969FF00C8B8A9 /* courseCategories.swift in Sources */ = {isa = PBXBuildFile; fileRef = D1EF763B2C3969FF00C8B8A9 /* courseCategories.swift */; };
		D1EF76402C396ABB00C8B8A9 /* CourseCategoriesModel.swift in Sources */ = {isa = PBXBuildFile; fileRef = D1EF763F2C396ABB00C8B8A9 /* CourseCategoriesModel.swift */; };
		D1EF76412C396ABB00C8B8A9 /* CourseCategoriesModel.swift in Sources */ = {isa = PBXBuildFile; fileRef = D1EF763F2C396ABB00C8B8A9 /* CourseCategoriesModel.swift */; };
		D1EF76422C396ABB00C8B8A9 /* CourseCategoriesModel.swift in Sources */ = {isa = PBXBuildFile; fileRef = D1EF763F2C396ABB00C8B8A9 /* CourseCategoriesModel.swift */; };
		D1EF76442C39B55600C8B8A9 /* MyCourses.swift in Sources */ = {isa = PBXBuildFile; fileRef = D1EF76432C39B55500C8B8A9 /* MyCourses.swift */; };
		D1EF76452C39B55600C8B8A9 /* MyCourses.swift in Sources */ = {isa = PBXBuildFile; fileRef = D1EF76432C39B55500C8B8A9 /* MyCourses.swift */; };
		D1EF76462C39B55600C8B8A9 /* MyCourses.swift in Sources */ = {isa = PBXBuildFile; fileRef = D1EF76432C39B55500C8B8A9 /* MyCourses.swift */; };
		D1F8C0E12C35407C0060C30E /* TLMS_learnerApp.swift in Sources */ = {isa = PBXBuildFile; fileRef = D1F8C0E02C35407C0060C30E /* TLMS_learnerApp.swift */; };
		D1F8C0E32C35407C0060C30E /* learnerlogin.swift in Sources */ = {isa = PBXBuildFile; fileRef = D1F8C0E22C35407C0060C30E /* learnerlogin.swift */; };
		D1F8C0E52C35407D0060C30E /* Assets.xcassets in Resources */ = {isa = PBXBuildFile; fileRef = D1F8C0E42C35407D0060C30E /* Assets.xcassets */; };
		D1F8C0E82C35407D0060C30E /* Preview Assets.xcassets in Resources */ = {isa = PBXBuildFile; fileRef = D1F8C0E72C35407D0060C30E /* Preview Assets.xcassets */; };
		D1F8C10B2C3540D40060C30E /* .gitignore in Resources */ = {isa = PBXBuildFile; fileRef = D1F8C10A2C3540D40060C30E /* .gitignore */; };
		EF2EB61D2C397D93007A56B4 /* CourseModel.swift in Sources */ = {isa = PBXBuildFile; fileRef = EF2EB61C2C397D93007A56B4 /* CourseModel.swift */; };
		EF2EB61F2C397DC7007A56B4 /* LearnerHome.swift in Sources */ = {isa = PBXBuildFile; fileRef = EF2EB61E2C397DC7007A56B4 /* LearnerHome.swift */; };
		EFF683CD2C3AAC3C00162D7F /* Tabbarview.swift in Sources */ = {isa = PBXBuildFile; fileRef = EFF683CC2C3AAC3C00162D7F /* Tabbarview.swift */; };
/* End PBXBuildFile section */

/* Begin PBXContainerItemProxy section */
		D1F8C0EE2C35407D0060C30E /* PBXContainerItemProxy */ = {
			isa = PBXContainerItemProxy;
			containerPortal = D1F8C0D52C35407C0060C30E /* Project object */;
			proxyType = 1;
			remoteGlobalIDString = D1F8C0DC2C35407C0060C30E;
			remoteInfo = "TLMS-learner";
		};
		D1F8C0F82C35407D0060C30E /* PBXContainerItemProxy */ = {
			isa = PBXContainerItemProxy;
			containerPortal = D1F8C0D52C35407C0060C30E /* Project object */;
			proxyType = 1;
			remoteGlobalIDString = D1F8C0DC2C35407C0060C30E;
			remoteInfo = "TLMS-learner";
		};
/* End PBXContainerItemProxy section */

/* Begin PBXFileReference section */
		04570C3A2C36BF7600B5B03F /* ColorsFile.swift */ = {isa = PBXFileReference; lastKnownFileType = sourcecode.swift; path = ColorsFile.swift; sourceTree = "<group>"; };
		04A385832C37B4DC00832DDC /* Poppins-Bold.ttf */ = {isa = PBXFileReference; lastKnownFileType = file; path = "Poppins-Bold.ttf"; sourceTree = "<group>"; };
		04A385852C37B4E500832DDC /* Poppins-Medium.ttf */ = {isa = PBXFileReference; lastKnownFileType = file; path = "Poppins-Medium.ttf"; sourceTree = "<group>"; };
		04A385872C37B4EC00832DDC /* Poppins-SemiBold.ttf */ = {isa = PBXFileReference; lastKnownFileType = file; path = "Poppins-SemiBold.ttf"; sourceTree = "<group>"; };
		04A385892C37B53300832DDC /* Poppins-Regular.ttf */ = {isa = PBXFileReference; lastKnownFileType = file; path = "Poppins-Regular.ttf"; sourceTree = "<group>"; };
		04A3858B2C37B6B100832DDC /* Info.plist */ = {isa = PBXFileReference; lastKnownFileType = text.plist.xml; path = Info.plist; sourceTree = "<group>"; };
		04A3858F2C37BFD600832DDC /* PasswordField.swift */ = {isa = PBXFileReference; fileEncoding = 4; lastKnownFileType = sourcecode.swift; path = PasswordField.swift; sourceTree = "<group>"; };
		04A385902C37BFD600832DDC /* ImageView.swift */ = {isa = PBXFileReference; fileEncoding = 4; lastKnownFileType = sourcecode.swift; path = ImageView.swift; sourceTree = "<group>"; };
		04A385912C37BFD600832DDC /* TitleLable.swift */ = {isa = PBXFileReference; fileEncoding = 4; lastKnownFileType = sourcecode.swift; path = TitleLable.swift; sourceTree = "<group>"; };
		04A385922C37BFD600832DDC /* TextLabel.swift */ = {isa = PBXFileReference; fileEncoding = 4; lastKnownFileType = sourcecode.swift; path = TextLabel.swift; sourceTree = "<group>"; };
		04A385932C37BFD600832DDC /* MainButton.swift */ = {isa = PBXFileReference; fileEncoding = 4; lastKnownFileType = sourcecode.swift; path = MainButton.swift; sourceTree = "<group>"; };
		04A385942C37BFD600832DDC /* HeadingLabel.swift */ = {isa = PBXFileReference; fileEncoding = 4; lastKnownFileType = sourcecode.swift; path = HeadingLabel.swift; sourceTree = "<group>"; };
		7ACDE3862C370B0600AFAAE7 /* createAccount.swift */ = {isa = PBXFileReference; lastKnownFileType = sourcecode.swift; path = createAccount.swift; sourceTree = "<group>"; };
		7ACDE42D2C3BD82E00AFAAE7 /* Profile.swift */ = {isa = PBXFileReference; lastKnownFileType = sourcecode.swift; path = Profile.swift; sourceTree = "<group>"; };
		D1EF76372C39420200C8B8A9 /* GoogleService-Info.plist */ = {isa = PBXFileReference; fileEncoding = 4; lastKnownFileType = text.plist.xml; path = "GoogleService-Info.plist"; sourceTree = "<group>"; };
		D1EF763B2C3969FF00C8B8A9 /* courseCategories.swift */ = {isa = PBXFileReference; lastKnownFileType = sourcecode.swift; path = courseCategories.swift; sourceTree = "<group>"; };
		D1EF763F2C396ABB00C8B8A9 /* CourseCategoriesModel.swift */ = {isa = PBXFileReference; lastKnownFileType = sourcecode.swift; path = CourseCategoriesModel.swift; sourceTree = "<group>"; };
		D1EF76432C39B55500C8B8A9 /* MyCourses.swift */ = {isa = PBXFileReference; lastKnownFileType = sourcecode.swift; path = MyCourses.swift; sourceTree = "<group>"; };
		D1F8C0DD2C35407C0060C30E /* TLMS-learner.app */ = {isa = PBXFileReference; explicitFileType = wrapper.application; includeInIndex = 0; path = "TLMS-learner.app"; sourceTree = BUILT_PRODUCTS_DIR; };
		D1F8C0E02C35407C0060C30E /* TLMS_learnerApp.swift */ = {isa = PBXFileReference; lastKnownFileType = sourcecode.swift; path = TLMS_learnerApp.swift; sourceTree = "<group>"; };
		D1F8C0E22C35407C0060C30E /* learnerlogin.swift */ = {isa = PBXFileReference; lastKnownFileType = sourcecode.swift; path = learnerlogin.swift; sourceTree = "<group>"; };
		D1F8C0E42C35407D0060C30E /* Assets.xcassets */ = {isa = PBXFileReference; lastKnownFileType = folder.assetcatalog; path = Assets.xcassets; sourceTree = "<group>"; };
		D1F8C0E72C35407D0060C30E /* Preview Assets.xcassets */ = {isa = PBXFileReference; lastKnownFileType = folder.assetcatalog; path = "Preview Assets.xcassets"; sourceTree = "<group>"; };
		D1F8C0ED2C35407D0060C30E /* TLMS-learnerTests.xctest */ = {isa = PBXFileReference; explicitFileType = wrapper.cfbundle; includeInIndex = 0; path = "TLMS-learnerTests.xctest"; sourceTree = BUILT_PRODUCTS_DIR; };
		D1F8C0F72C35407D0060C30E /* TLMS-learnerUITests.xctest */ = {isa = PBXFileReference; explicitFileType = wrapper.cfbundle; includeInIndex = 0; path = "TLMS-learnerUITests.xctest"; sourceTree = BUILT_PRODUCTS_DIR; };
		D1F8C10A2C3540D40060C30E /* .gitignore */ = {isa = PBXFileReference; fileEncoding = 4; lastKnownFileType = text; path = .gitignore; sourceTree = "<group>"; };
		EF2EB61C2C397D93007A56B4 /* CourseModel.swift */ = {isa = PBXFileReference; lastKnownFileType = sourcecode.swift; path = CourseModel.swift; sourceTree = "<group>"; };
		EF2EB61E2C397DC7007A56B4 /* LearnerHome.swift */ = {isa = PBXFileReference; lastKnownFileType = sourcecode.swift; path = LearnerHome.swift; sourceTree = "<group>"; };
		EFF683CC2C3AAC3C00162D7F /* Tabbarview.swift */ = {isa = PBXFileReference; lastKnownFileType = sourcecode.swift; path = Tabbarview.swift; sourceTree = "<group>"; };
/* End PBXFileReference section */

/* Begin PBXFrameworksBuildPhase section */
		D1F8C0DA2C35407C0060C30E /* Frameworks */ = {
			isa = PBXFrameworksBuildPhase;
			buildActionMask = 2147483647;
			files = (
				D1BFEE802C367620006492F2 /* FirebaseDatabaseSwift in Frameworks */,
				D1BFEE7E2C367620006492F2 /* FirebaseDatabase in Frameworks */,
				D1BFEE7A2C367620006492F2 /* FirebaseAuth in Frameworks */,
				D1BFEE822C367620006492F2 /* FirebaseFirestore in Frameworks */,
				D1BFEE862C367620006492F2 /* FirebaseStorage in Frameworks */,
				D1BFEE7C2C367620006492F2 /* FirebaseAuthCombine-Community in Frameworks */,
				D1BFEE842C367620006492F2 /* FirebaseFirestoreSwift in Frameworks */,
			);
			runOnlyForDeploymentPostprocessing = 0;
		};
		D1F8C0EA2C35407D0060C30E /* Frameworks */ = {
			isa = PBXFrameworksBuildPhase;
			buildActionMask = 2147483647;
			files = (
			);
			runOnlyForDeploymentPostprocessing = 0;
		};
		D1F8C0F42C35407D0060C30E /* Frameworks */ = {
			isa = PBXFrameworksBuildPhase;
			buildActionMask = 2147483647;
			files = (
			);
			runOnlyForDeploymentPostprocessing = 0;
		};
/* End PBXFrameworksBuildPhase section */

/* Begin PBXGroup section */
		04A385822C37B4C700832DDC /* Fonts */ = {
			isa = PBXGroup;
			children = (
				04A385832C37B4DC00832DDC /* Poppins-Bold.ttf */,
				04A385852C37B4E500832DDC /* Poppins-Medium.ttf */,
				04A385872C37B4EC00832DDC /* Poppins-SemiBold.ttf */,
				04A385892C37B53300832DDC /* Poppins-Regular.ttf */,
			);
			path = Fonts;
			sourceTree = "<group>";
		};
		04A3858E2C37BFC000832DDC /* Elements */ = {
			isa = PBXGroup;
			children = (
				04A385942C37BFD600832DDC /* HeadingLabel.swift */,
				04A385902C37BFD600832DDC /* ImageView.swift */,
				04A385932C37BFD600832DDC /* MainButton.swift */,
				04A3858F2C37BFD600832DDC /* PasswordField.swift */,
				04A385922C37BFD600832DDC /* TextLabel.swift */,
				04A385912C37BFD600832DDC /* TitleLable.swift */,
			);
			path = Elements;
			sourceTree = "<group>";
		};
		D1C146112C39C1A400F6E43F /* Auth */ = {
			isa = PBXGroup;
			children = (
				7ACDE3862C370B0600AFAAE7 /* createAccount.swift */,
				D1F8C0E22C35407C0060C30E /* learnerlogin.swift */,
			);
			path = Auth;
			sourceTree = "<group>";
		};
		D1C146122C39C31F00F6E43F /* Model */ = {
			isa = PBXGroup;
			children = (
				D1EF763F2C396ABB00C8B8A9 /* CourseCategoriesModel.swift */,
				EF2EB61C2C397D93007A56B4 /* CourseModel.swift */,
			);
			path = Model;
			sourceTree = "<group>";
		};
		D1F8C0D42C35407C0060C30E = {
			isa = PBXGroup;
			children = (
				D1F8C10A2C3540D40060C30E /* .gitignore */,
				D1F8C0DF2C35407C0060C30E /* TLMS-learner */,
				D1F8C0DE2C35407C0060C30E /* Products */,
			);
			sourceTree = "<group>";
		};
		D1F8C0DE2C35407C0060C30E /* Products */ = {
			isa = PBXGroup;
			children = (
				D1F8C0DD2C35407C0060C30E /* TLMS-learner.app */,
				D1F8C0ED2C35407D0060C30E /* TLMS-learnerTests.xctest */,
				D1F8C0F72C35407D0060C30E /* TLMS-learnerUITests.xctest */,
			);
			name = Products;
			sourceTree = "<group>";
		};
		D1F8C0DF2C35407C0060C30E /* TLMS-learner */ = {
			isa = PBXGroup;
			children = (
				D1C146122C39C31F00F6E43F /* Model */,
				D1C146112C39C1A400F6E43F /* Auth */,
				D1EF76372C39420200C8B8A9 /* GoogleService-Info.plist */,
				04570C3A2C36BF7600B5B03F /* ColorsFile.swift */,
				04A3858E2C37BFC000832DDC /* Elements */,
				04A3858B2C37B6B100832DDC /* Info.plist */,
				04A385822C37B4C700832DDC /* Fonts */,
				D1F8C0E02C35407C0060C30E /* TLMS_learnerApp.swift */,
				EF2EB61E2C397DC7007A56B4 /* LearnerHome.swift */,
				EFF683CC2C3AAC3C00162D7F /* Tabbarview.swift */,
				D1EF763B2C3969FF00C8B8A9 /* courseCategories.swift */,
				D1EF76432C39B55500C8B8A9 /* MyCourses.swift */,
				7ACDE42D2C3BD82E00AFAAE7 /* Profile.swift */,
				D1F8C0E42C35407D0060C30E /* Assets.xcassets */,
				D1F8C0E62C35407D0060C30E /* Preview Content */,
			);
			path = "TLMS-learner";
			sourceTree = "<group>";
		};
		D1F8C0E62C35407D0060C30E /* Preview Content */ = {
			isa = PBXGroup;
			children = (
				D1F8C0E72C35407D0060C30E /* Preview Assets.xcassets */,
			);
			path = "Preview Content";
			sourceTree = "<group>";
		};
/* End PBXGroup section */

/* Begin PBXNativeTarget section */
		D1F8C0DC2C35407C0060C30E /* TLMS-learner */ = {
			isa = PBXNativeTarget;
			buildConfigurationList = D1F8C1012C35407D0060C30E /* Build configuration list for PBXNativeTarget "TLMS-learner" */;
			buildPhases = (
				D1F8C0D92C35407C0060C30E /* Sources */,
				D1F8C0DA2C35407C0060C30E /* Frameworks */,
				D1F8C0DB2C35407C0060C30E /* Resources */,
			);
			buildRules = (
			);
			dependencies = (
			);
			name = "TLMS-learner";
			packageProductDependencies = (
				D1BFEE792C367620006492F2 /* FirebaseAuth */,
				D1BFEE7B2C367620006492F2 /* FirebaseAuthCombine-Community */,
				D1BFEE7D2C367620006492F2 /* FirebaseDatabase */,
				D1BFEE7F2C367620006492F2 /* FirebaseDatabaseSwift */,
				D1BFEE812C367620006492F2 /* FirebaseFirestore */,
				D1BFEE832C367620006492F2 /* FirebaseFirestoreSwift */,
				D1BFEE852C367620006492F2 /* FirebaseStorage */,
			);
			productName = "TLMS-learner";
			productReference = D1F8C0DD2C35407C0060C30E /* TLMS-learner.app */;
			productType = "com.apple.product-type.application";
		};
		D1F8C0EC2C35407D0060C30E /* TLMS-learnerTests */ = {
			isa = PBXNativeTarget;
			buildConfigurationList = D1F8C1042C35407D0060C30E /* Build configuration list for PBXNativeTarget "TLMS-learnerTests" */;
			buildPhases = (
				D1F8C0E92C35407D0060C30E /* Sources */,
				D1F8C0EA2C35407D0060C30E /* Frameworks */,
				D1F8C0EB2C35407D0060C30E /* Resources */,
			);
			buildRules = (
			);
			dependencies = (
				D1F8C0EF2C35407D0060C30E /* PBXTargetDependency */,
			);
			name = "TLMS-learnerTests";
			productName = "TLMS-learnerTests";
			productReference = D1F8C0ED2C35407D0060C30E /* TLMS-learnerTests.xctest */;
			productType = "com.apple.product-type.bundle.unit-test";
		};
		D1F8C0F62C35407D0060C30E /* TLMS-learnerUITests */ = {
			isa = PBXNativeTarget;
			buildConfigurationList = D1F8C1072C35407D0060C30E /* Build configuration list for PBXNativeTarget "TLMS-learnerUITests" */;
			buildPhases = (
				D1F8C0F32C35407D0060C30E /* Sources */,
				D1F8C0F42C35407D0060C30E /* Frameworks */,
				D1F8C0F52C35407D0060C30E /* Resources */,
			);
			buildRules = (
			);
			dependencies = (
				D1F8C0F92C35407D0060C30E /* PBXTargetDependency */,
			);
			name = "TLMS-learnerUITests";
			productName = "TLMS-learnerUITests";
			productReference = D1F8C0F72C35407D0060C30E /* TLMS-learnerUITests.xctest */;
			productType = "com.apple.product-type.bundle.ui-testing";
		};
/* End PBXNativeTarget section */

/* Begin PBXProject section */
		D1F8C0D52C35407C0060C30E /* Project object */ = {
			isa = PBXProject;
			attributes = {
				BuildIndependentTargetsInParallel = 1;
				LastSwiftUpdateCheck = 1540;
				LastUpgradeCheck = 1540;
				TargetAttributes = {
					D1F8C0DC2C35407C0060C30E = {
						CreatedOnToolsVersion = 15.4;
					};
					D1F8C0EC2C35407D0060C30E = {
						CreatedOnToolsVersion = 15.4;
						TestTargetID = D1F8C0DC2C35407C0060C30E;
					};
					D1F8C0F62C35407D0060C30E = {
						CreatedOnToolsVersion = 15.4;
						TestTargetID = D1F8C0DC2C35407C0060C30E;
					};
				};
			};
			buildConfigurationList = D1F8C0D82C35407C0060C30E /* Build configuration list for PBXProject "TLMS-learner" */;
			compatibilityVersion = "Xcode 14.0";
			developmentRegion = en;
			hasScannedForEncodings = 0;
			knownRegions = (
				en,
				Base,
			);
			mainGroup = D1F8C0D42C35407C0060C30E;
			packageReferences = (
				D1BFEE782C367620006492F2 /* XCRemoteSwiftPackageReference "firebase-ios-sdk" */,
			);
			productRefGroup = D1F8C0DE2C35407C0060C30E /* Products */;
			projectDirPath = "";
			projectRoot = "";
			targets = (
				D1F8C0DC2C35407C0060C30E /* TLMS-learner */,
				D1F8C0EC2C35407D0060C30E /* TLMS-learnerTests */,
				D1F8C0F62C35407D0060C30E /* TLMS-learnerUITests */,
			);
		};
/* End PBXProject section */

/* Begin PBXResourcesBuildPhase section */
		D1F8C0DB2C35407C0060C30E /* Resources */ = {
			isa = PBXResourcesBuildPhase;
			buildActionMask = 2147483647;
			files = (
				D1F8C0E82C35407D0060C30E /* Preview Assets.xcassets in Resources */,
				04A385A72C37C18800832DDC /* Poppins-Bold.ttf in Resources */,
				D1F8C10B2C3540D40060C30E /* .gitignore in Resources */,
				D1F8C0E52C35407D0060C30E /* Assets.xcassets in Resources */,
				04A3858A2C37B53300832DDC /* Poppins-Regular.ttf in Resources */,
				D1EF76382C39420200C8B8A9 /* GoogleService-Info.plist in Resources */,
			);
			runOnlyForDeploymentPostprocessing = 0;
		};
		D1F8C0EB2C35407D0060C30E /* Resources */ = {
			isa = PBXResourcesBuildPhase;
			buildActionMask = 2147483647;
			files = (
				D1EF76392C39420200C8B8A9 /* GoogleService-Info.plist in Resources */,
			);
			runOnlyForDeploymentPostprocessing = 0;
		};
		D1F8C0F52C35407D0060C30E /* Resources */ = {
			isa = PBXResourcesBuildPhase;
			buildActionMask = 2147483647;
			files = (
				D1EF763A2C39420200C8B8A9 /* GoogleService-Info.plist in Resources */,
			);
			runOnlyForDeploymentPostprocessing = 0;
		};
/* End PBXResourcesBuildPhase section */

/* Begin PBXSourcesBuildPhase section */
		D1F8C0D92C35407C0060C30E /* Sources */ = {
			isa = PBXSourcesBuildPhase;
			buildActionMask = 2147483647;
			files = (
				7ACDE42E2C3BD82F00AFAAE7 /* Profile.swift in Sources */,
				EF2EB61D2C397D93007A56B4 /* CourseModel.swift in Sources */,
				04A385952C37BFD600832DDC /* PasswordField.swift in Sources */,
				EFF683CD2C3AAC3C00162D7F /* Tabbarview.swift in Sources */,
				D1F8C0E32C35407C0060C30E /* learnerlogin.swift in Sources */,
				D1EF76442C39B55600C8B8A9 /* MyCourses.swift in Sources */,
				D1EF76402C396ABB00C8B8A9 /* CourseCategoriesModel.swift in Sources */,
				04570C3B2C36BF7600B5B03F /* ColorsFile.swift in Sources */,
				04A385A12C37BFD700832DDC /* MainButton.swift in Sources */,
				EF2EB61F2C397DC7007A56B4 /* LearnerHome.swift in Sources */,
				D1F8C0E12C35407C0060C30E /* TLMS_learnerApp.swift in Sources */,
				04A3859B2C37BFD700832DDC /* TitleLable.swift in Sources */,
				D1EF763C2C3969FF00C8B8A9 /* courseCategories.swift in Sources */,
				04A3859E2C37BFD700832DDC /* TextLabel.swift in Sources */,
				04A385A42C37BFD700832DDC /* HeadingLabel.swift in Sources */,
				04A385982C37BFD700832DDC /* ImageView.swift in Sources */,
				7ACDE3872C370B0600AFAAE7 /* createAccount.swift in Sources */,
			);
			runOnlyForDeploymentPostprocessing = 0;
		};
		D1F8C0E92C35407D0060C30E /* Sources */ = {
			isa = PBXSourcesBuildPhase;
			buildActionMask = 2147483647;
			files = (
				D1C146132C39C34D00F6E43F /* CourseModel.swift in Sources */,
				D1EF763D2C3969FF00C8B8A9 /* courseCategories.swift in Sources */,
				04A3859F2C37BFD700832DDC /* TextLabel.swift in Sources */,
				04A385992C37BFD700832DDC /* ImageView.swift in Sources */,
				04A385A22C37BFD700832DDC /* MainButton.swift in Sources */,
				04A3859C2C37BFD700832DDC /* TitleLable.swift in Sources */,
				04A385962C37BFD700832DDC /* PasswordField.swift in Sources */,
				04A385A52C37BFD700832DDC /* HeadingLabel.swift in Sources */,
				D1EF76452C39B55600C8B8A9 /* MyCourses.swift in Sources */,
				D1EF76412C396ABB00C8B8A9 /* CourseCategoriesModel.swift in Sources */,
			);
			runOnlyForDeploymentPostprocessing = 0;
		};
		D1F8C0F32C35407D0060C30E /* Sources */ = {
			isa = PBXSourcesBuildPhase;
			buildActionMask = 2147483647;
			files = (
				04A3859D2C37BFD700832DDC /* TitleLable.swift in Sources */,
				04A3859A2C37BFD700832DDC /* ImageView.swift in Sources */,
				D1EF76462C39B55600C8B8A9 /* MyCourses.swift in Sources */,
				04A385A32C37BFD700832DDC /* MainButton.swift in Sources */,
				D1EF763E2C3969FF00C8B8A9 /* courseCategories.swift in Sources */,
				D1C146142C39C34D00F6E43F /* CourseModel.swift in Sources */,
				04A385A02C37BFD700832DDC /* TextLabel.swift in Sources */,
				D1EF76422C396ABB00C8B8A9 /* CourseCategoriesModel.swift in Sources */,
				04A385A62C37BFD700832DDC /* HeadingLabel.swift in Sources */,
				04A385972C37BFD700832DDC /* PasswordField.swift in Sources */,
			);
			runOnlyForDeploymentPostprocessing = 0;
		};
/* End PBXSourcesBuildPhase section */

/* Begin PBXTargetDependency section */
		D1F8C0EF2C35407D0060C30E /* PBXTargetDependency */ = {
			isa = PBXTargetDependency;
			target = D1F8C0DC2C35407C0060C30E /* TLMS-learner */;
			targetProxy = D1F8C0EE2C35407D0060C30E /* PBXContainerItemProxy */;
		};
		D1F8C0F92C35407D0060C30E /* PBXTargetDependency */ = {
			isa = PBXTargetDependency;
			target = D1F8C0DC2C35407C0060C30E /* TLMS-learner */;
			targetProxy = D1F8C0F82C35407D0060C30E /* PBXContainerItemProxy */;
		};
/* End PBXTargetDependency section */

/* Begin XCBuildConfiguration section */
		D1F8C0FF2C35407D0060C30E /* Debug */ = {
			isa = XCBuildConfiguration;
			buildSettings = {
				ALWAYS_SEARCH_USER_PATHS = NO;
				ASSETCATALOG_COMPILER_GENERATE_SWIFT_ASSET_SYMBOL_EXTENSIONS = YES;
				CLANG_ANALYZER_NONNULL = YES;
				CLANG_ANALYZER_NUMBER_OBJECT_CONVERSION = YES_AGGRESSIVE;
				CLANG_CXX_LANGUAGE_STANDARD = "gnu++20";
				CLANG_ENABLE_MODULES = YES;
				CLANG_ENABLE_OBJC_ARC = YES;
				CLANG_ENABLE_OBJC_WEAK = YES;
				CLANG_WARN_BLOCK_CAPTURE_AUTORELEASING = YES;
				CLANG_WARN_BOOL_CONVERSION = YES;
				CLANG_WARN_COMMA = YES;
				CLANG_WARN_CONSTANT_CONVERSION = YES;
				CLANG_WARN_DEPRECATED_OBJC_IMPLEMENTATIONS = YES;
				CLANG_WARN_DIRECT_OBJC_ISA_USAGE = YES_ERROR;
				CLANG_WARN_DOCUMENTATION_COMMENTS = YES;
				CLANG_WARN_EMPTY_BODY = YES;
				CLANG_WARN_ENUM_CONVERSION = YES;
				CLANG_WARN_INFINITE_RECURSION = YES;
				CLANG_WARN_INT_CONVERSION = YES;
				CLANG_WARN_NON_LITERAL_NULL_CONVERSION = YES;
				CLANG_WARN_OBJC_IMPLICIT_RETAIN_SELF = YES;
				CLANG_WARN_OBJC_LITERAL_CONVERSION = YES;
				CLANG_WARN_OBJC_ROOT_CLASS = YES_ERROR;
				CLANG_WARN_QUOTED_INCLUDE_IN_FRAMEWORK_HEADER = YES;
				CLANG_WARN_RANGE_LOOP_ANALYSIS = YES;
				CLANG_WARN_STRICT_PROTOTYPES = YES;
				CLANG_WARN_SUSPICIOUS_MOVE = YES;
				CLANG_WARN_UNGUARDED_AVAILABILITY = YES_AGGRESSIVE;
				CLANG_WARN_UNREACHABLE_CODE = YES;
				CLANG_WARN__DUPLICATE_METHOD_MATCH = YES;
				COPY_PHASE_STRIP = NO;
				DEBUG_INFORMATION_FORMAT = dwarf;
				ENABLE_STRICT_OBJC_MSGSEND = YES;
				ENABLE_TESTABILITY = YES;
				ENABLE_USER_SCRIPT_SANDBOXING = YES;
				GCC_C_LANGUAGE_STANDARD = gnu17;
				GCC_DYNAMIC_NO_PIC = NO;
				GCC_NO_COMMON_BLOCKS = YES;
				GCC_OPTIMIZATION_LEVEL = 0;
				GCC_PREPROCESSOR_DEFINITIONS = (
					"DEBUG=1",
					"$(inherited)",
				);
				GCC_WARN_64_TO_32_BIT_CONVERSION = YES;
				GCC_WARN_ABOUT_RETURN_TYPE = YES_ERROR;
				GCC_WARN_UNDECLARED_SELECTOR = YES;
				GCC_WARN_UNINITIALIZED_AUTOS = YES_AGGRESSIVE;
				GCC_WARN_UNUSED_FUNCTION = YES;
				GCC_WARN_UNUSED_VARIABLE = YES;
				IPHONEOS_DEPLOYMENT_TARGET = 17.5;
				LOCALIZATION_PREFERS_STRING_CATALOGS = YES;
				MTL_ENABLE_DEBUG_INFO = INCLUDE_SOURCE;
				MTL_FAST_MATH = YES;
				ONLY_ACTIVE_ARCH = YES;
				SDKROOT = iphoneos;
				SWIFT_ACTIVE_COMPILATION_CONDITIONS = "DEBUG $(inherited)";
				SWIFT_OPTIMIZATION_LEVEL = "-Onone";
			};
			name = Debug;
		};
		D1F8C1002C35407D0060C30E /* Release */ = {
			isa = XCBuildConfiguration;
			buildSettings = {
				ALWAYS_SEARCH_USER_PATHS = NO;
				ASSETCATALOG_COMPILER_GENERATE_SWIFT_ASSET_SYMBOL_EXTENSIONS = YES;
				CLANG_ANALYZER_NONNULL = YES;
				CLANG_ANALYZER_NUMBER_OBJECT_CONVERSION = YES_AGGRESSIVE;
				CLANG_CXX_LANGUAGE_STANDARD = "gnu++20";
				CLANG_ENABLE_MODULES = YES;
				CLANG_ENABLE_OBJC_ARC = YES;
				CLANG_ENABLE_OBJC_WEAK = YES;
				CLANG_WARN_BLOCK_CAPTURE_AUTORELEASING = YES;
				CLANG_WARN_BOOL_CONVERSION = YES;
				CLANG_WARN_COMMA = YES;
				CLANG_WARN_CONSTANT_CONVERSION = YES;
				CLANG_WARN_DEPRECATED_OBJC_IMPLEMENTATIONS = YES;
				CLANG_WARN_DIRECT_OBJC_ISA_USAGE = YES_ERROR;
				CLANG_WARN_DOCUMENTATION_COMMENTS = YES;
				CLANG_WARN_EMPTY_BODY = YES;
				CLANG_WARN_ENUM_CONVERSION = YES;
				CLANG_WARN_INFINITE_RECURSION = YES;
				CLANG_WARN_INT_CONVERSION = YES;
				CLANG_WARN_NON_LITERAL_NULL_CONVERSION = YES;
				CLANG_WARN_OBJC_IMPLICIT_RETAIN_SELF = YES;
				CLANG_WARN_OBJC_LITERAL_CONVERSION = YES;
				CLANG_WARN_OBJC_ROOT_CLASS = YES_ERROR;
				CLANG_WARN_QUOTED_INCLUDE_IN_FRAMEWORK_HEADER = YES;
				CLANG_WARN_RANGE_LOOP_ANALYSIS = YES;
				CLANG_WARN_STRICT_PROTOTYPES = YES;
				CLANG_WARN_SUSPICIOUS_MOVE = YES;
				CLANG_WARN_UNGUARDED_AVAILABILITY = YES_AGGRESSIVE;
				CLANG_WARN_UNREACHABLE_CODE = YES;
				CLANG_WARN__DUPLICATE_METHOD_MATCH = YES;
				COPY_PHASE_STRIP = NO;
				DEBUG_INFORMATION_FORMAT = "dwarf-with-dsym";
				ENABLE_NS_ASSERTIONS = NO;
				ENABLE_STRICT_OBJC_MSGSEND = YES;
				ENABLE_USER_SCRIPT_SANDBOXING = YES;
				GCC_C_LANGUAGE_STANDARD = gnu17;
				GCC_NO_COMMON_BLOCKS = YES;
				GCC_WARN_64_TO_32_BIT_CONVERSION = YES;
				GCC_WARN_ABOUT_RETURN_TYPE = YES_ERROR;
				GCC_WARN_UNDECLARED_SELECTOR = YES;
				GCC_WARN_UNINITIALIZED_AUTOS = YES_AGGRESSIVE;
				GCC_WARN_UNUSED_FUNCTION = YES;
				GCC_WARN_UNUSED_VARIABLE = YES;
				IPHONEOS_DEPLOYMENT_TARGET = 17.5;
				LOCALIZATION_PREFERS_STRING_CATALOGS = YES;
				MTL_ENABLE_DEBUG_INFO = NO;
				MTL_FAST_MATH = YES;
				SDKROOT = iphoneos;
				SWIFT_COMPILATION_MODE = wholemodule;
				VALIDATE_PRODUCT = YES;
			};
			name = Release;
		};
		D1F8C1022C35407D0060C30E /* Debug */ = {
			isa = XCBuildConfiguration;
			buildSettings = {
				ASSETCATALOG_COMPILER_APPICON_NAME = AppIcon;
				ASSETCATALOG_COMPILER_GLOBAL_ACCENT_COLOR_NAME = AccentColor;
				CODE_SIGN_STYLE = Automatic;
				CURRENT_PROJECT_VERSION = 1;
				DEVELOPMENT_ASSET_PATHS = "\"TLMS-learner/Preview Content\"";
				DEVELOPMENT_TEAM = WSRNHSSM78;
				ENABLE_PREVIEWS = YES;
				GENERATE_INFOPLIST_FILE = YES;
				INFOPLIST_FILE = "TLMS-learner/Info.plist";
				INFOPLIST_KEY_UIApplicationSceneManifest_Generation = YES;
				INFOPLIST_KEY_UIApplicationSupportsIndirectInputEvents = YES;
				INFOPLIST_KEY_UILaunchScreen_Generation = YES;
				INFOPLIST_KEY_UISupportedInterfaceOrientations_iPad = "UIInterfaceOrientationPortrait UIInterfaceOrientationPortraitUpsideDown UIInterfaceOrientationLandscapeLeft UIInterfaceOrientationLandscapeRight";
				INFOPLIST_KEY_UISupportedInterfaceOrientations_iPhone = "UIInterfaceOrientationPortrait UIInterfaceOrientationLandscapeLeft UIInterfaceOrientationLandscapeRight";
				IPHONEOS_DEPLOYMENT_TARGET = 17.4;
				LD_RUNPATH_SEARCH_PATHS = (
					"$(inherited)",
					"@executable_path/Frameworks",
				);
				MARKETING_VERSION = 1.0;
				PRODUCT_BUNDLE_IDENTIFIER = "com.example.TLMS-Infy-Educator";
				PRODUCT_NAME = "$(TARGET_NAME)";
				SWIFT_EMIT_LOC_STRINGS = YES;
				SWIFT_VERSION = 5.0;
				TARGETED_DEVICE_FAMILY = "1,2";
			};
			name = Debug;
		};
		D1F8C1032C35407D0060C30E /* Release */ = {
			isa = XCBuildConfiguration;
			buildSettings = {
				ASSETCATALOG_COMPILER_APPICON_NAME = AppIcon;
				ASSETCATALOG_COMPILER_GLOBAL_ACCENT_COLOR_NAME = AccentColor;
				CODE_SIGN_STYLE = Automatic;
				CURRENT_PROJECT_VERSION = 1;
				DEVELOPMENT_ASSET_PATHS = "\"TLMS-learner/Preview Content\"";
				DEVELOPMENT_TEAM = WSRNHSSM78;
				ENABLE_PREVIEWS = YES;
				GENERATE_INFOPLIST_FILE = YES;
				INFOPLIST_FILE = "TLMS-learner/Info.plist";
				INFOPLIST_KEY_UIApplicationSceneManifest_Generation = YES;
				INFOPLIST_KEY_UIApplicationSupportsIndirectInputEvents = YES;
				INFOPLIST_KEY_UILaunchScreen_Generation = YES;
				INFOPLIST_KEY_UISupportedInterfaceOrientations_iPad = "UIInterfaceOrientationPortrait UIInterfaceOrientationPortraitUpsideDown UIInterfaceOrientationLandscapeLeft UIInterfaceOrientationLandscapeRight";
				INFOPLIST_KEY_UISupportedInterfaceOrientations_iPhone = "UIInterfaceOrientationPortrait UIInterfaceOrientationLandscapeLeft UIInterfaceOrientationLandscapeRight";
				IPHONEOS_DEPLOYMENT_TARGET = 17.4;
				LD_RUNPATH_SEARCH_PATHS = (
					"$(inherited)",
					"@executable_path/Frameworks",
				);
				MARKETING_VERSION = 1.0;
				PRODUCT_BUNDLE_IDENTIFIER = "com.example.TLMS-Infy-Educator";
				PRODUCT_NAME = "$(TARGET_NAME)";
				SWIFT_EMIT_LOC_STRINGS = YES;
				SWIFT_VERSION = 5.0;
				TARGETED_DEVICE_FAMILY = "1,2";
			};
			name = Release;
		};
		D1F8C1052C35407D0060C30E /* Debug */ = {
			isa = XCBuildConfiguration;
			buildSettings = {
				ALWAYS_EMBED_SWIFT_STANDARD_LIBRARIES = YES;
				BUNDLE_LOADER = "$(TEST_HOST)";
				CODE_SIGN_STYLE = Automatic;
				CURRENT_PROJECT_VERSION = 1;
				DEVELOPMENT_TEAM = 8SGTXTM2JK;
				GENERATE_INFOPLIST_FILE = YES;
				IPHONEOS_DEPLOYMENT_TARGET = 17.5;
				MARKETING_VERSION = 1.0;
				PRODUCT_BUNDLE_IDENTIFIER = "com.example.TLMS-learnerTests";
				PRODUCT_NAME = "$(TARGET_NAME)";
				SWIFT_EMIT_LOC_STRINGS = NO;
				SWIFT_VERSION = 5.0;
				TARGETED_DEVICE_FAMILY = "1,2";
				TEST_HOST = "$(BUILT_PRODUCTS_DIR)/TLMS-learner.app/$(BUNDLE_EXECUTABLE_FOLDER_PATH)/TLMS-learner";
			};
			name = Debug;
		};
		D1F8C1062C35407D0060C30E /* Release */ = {
			isa = XCBuildConfiguration;
			buildSettings = {
				ALWAYS_EMBED_SWIFT_STANDARD_LIBRARIES = YES;
				BUNDLE_LOADER = "$(TEST_HOST)";
				CODE_SIGN_STYLE = Automatic;
				CURRENT_PROJECT_VERSION = 1;
				DEVELOPMENT_TEAM = 8SGTXTM2JK;
				GENERATE_INFOPLIST_FILE = YES;
				IPHONEOS_DEPLOYMENT_TARGET = 17.5;
				MARKETING_VERSION = 1.0;
				PRODUCT_BUNDLE_IDENTIFIER = "com.example.TLMS-learnerTests";
				PRODUCT_NAME = "$(TARGET_NAME)";
				SWIFT_EMIT_LOC_STRINGS = NO;
				SWIFT_VERSION = 5.0;
				TARGETED_DEVICE_FAMILY = "1,2";
				TEST_HOST = "$(BUILT_PRODUCTS_DIR)/TLMS-learner.app/$(BUNDLE_EXECUTABLE_FOLDER_PATH)/TLMS-learner";
			};
			name = Release;
		};
		D1F8C1082C35407D0060C30E /* Debug */ = {
			isa = XCBuildConfiguration;
			buildSettings = {
				ALWAYS_EMBED_SWIFT_STANDARD_LIBRARIES = YES;
				CODE_SIGN_STYLE = Automatic;
				CURRENT_PROJECT_VERSION = 1;
				DEVELOPMENT_TEAM = 8SGTXTM2JK;
				GENERATE_INFOPLIST_FILE = YES;
				MARKETING_VERSION = 1.0;
				PRODUCT_BUNDLE_IDENTIFIER = "com.example.TLMS-learnerUITests";
				PRODUCT_NAME = "$(TARGET_NAME)";
				SWIFT_EMIT_LOC_STRINGS = NO;
				SWIFT_VERSION = 5.0;
				TARGETED_DEVICE_FAMILY = "1,2";
				TEST_TARGET_NAME = "TLMS-learner";
			};
			name = Debug;
		};
		D1F8C1092C35407D0060C30E /* Release */ = {
			isa = XCBuildConfiguration;
			buildSettings = {
				ALWAYS_EMBED_SWIFT_STANDARD_LIBRARIES = YES;
				CODE_SIGN_STYLE = Automatic;
				CURRENT_PROJECT_VERSION = 1;
				DEVELOPMENT_TEAM = 8SGTXTM2JK;
				GENERATE_INFOPLIST_FILE = YES;
				MARKETING_VERSION = 1.0;
				PRODUCT_BUNDLE_IDENTIFIER = "com.example.TLMS-learnerUITests";
				PRODUCT_NAME = "$(TARGET_NAME)";
				SWIFT_EMIT_LOC_STRINGS = NO;
				SWIFT_VERSION = 5.0;
				TARGETED_DEVICE_FAMILY = "1,2";
				TEST_TARGET_NAME = "TLMS-learner";
			};
			name = Release;
		};
/* End XCBuildConfiguration section */

/* Begin XCConfigurationList section */
		D1F8C0D82C35407C0060C30E /* Build configuration list for PBXProject "TLMS-learner" */ = {
			isa = XCConfigurationList;
			buildConfigurations = (
				D1F8C0FF2C35407D0060C30E /* Debug */,
				D1F8C1002C35407D0060C30E /* Release */,
			);
			defaultConfigurationIsVisible = 0;
			defaultConfigurationName = Release;
		};
		D1F8C1012C35407D0060C30E /* Build configuration list for PBXNativeTarget "TLMS-learner" */ = {
			isa = XCConfigurationList;
			buildConfigurations = (
				D1F8C1022C35407D0060C30E /* Debug */,
				D1F8C1032C35407D0060C30E /* Release */,
			);
			defaultConfigurationIsVisible = 0;
			defaultConfigurationName = Release;
		};
		D1F8C1042C35407D0060C30E /* Build configuration list for PBXNativeTarget "TLMS-learnerTests" */ = {
			isa = XCConfigurationList;
			buildConfigurations = (
				D1F8C1052C35407D0060C30E /* Debug */,
				D1F8C1062C35407D0060C30E /* Release */,
			);
			defaultConfigurationIsVisible = 0;
			defaultConfigurationName = Release;
		};
		D1F8C1072C35407D0060C30E /* Build configuration list for PBXNativeTarget "TLMS-learnerUITests" */ = {
			isa = XCConfigurationList;
			buildConfigurations = (
				D1F8C1082C35407D0060C30E /* Debug */,
				D1F8C1092C35407D0060C30E /* Release */,
			);
			defaultConfigurationIsVisible = 0;
			defaultConfigurationName = Release;
		};
/* End XCConfigurationList section */

/* Begin XCRemoteSwiftPackageReference section */
		D1BFEE782C367620006492F2 /* XCRemoteSwiftPackageReference "firebase-ios-sdk" */ = {
			isa = XCRemoteSwiftPackageReference;
			repositoryURL = "https://github.com/firebase/firebase-ios-sdk";
			requirement = {
				kind = upToNextMajorVersion;
				minimumVersion = 10.28.1;
			};
		};
/* End XCRemoteSwiftPackageReference section */

/* Begin XCSwiftPackageProductDependency section */
		D1BFEE792C367620006492F2 /* FirebaseAuth */ = {
			isa = XCSwiftPackageProductDependency;
			package = D1BFEE782C367620006492F2 /* XCRemoteSwiftPackageReference "firebase-ios-sdk" */;
			productName = FirebaseAuth;
		};
		D1BFEE7B2C367620006492F2 /* FirebaseAuthCombine-Community */ = {
			isa = XCSwiftPackageProductDependency;
			package = D1BFEE782C367620006492F2 /* XCRemoteSwiftPackageReference "firebase-ios-sdk" */;
			productName = "FirebaseAuthCombine-Community";
		};
		D1BFEE7D2C367620006492F2 /* FirebaseDatabase */ = {
			isa = XCSwiftPackageProductDependency;
			package = D1BFEE782C367620006492F2 /* XCRemoteSwiftPackageReference "firebase-ios-sdk" */;
			productName = FirebaseDatabase;
		};
		D1BFEE7F2C367620006492F2 /* FirebaseDatabaseSwift */ = {
			isa = XCSwiftPackageProductDependency;
			package = D1BFEE782C367620006492F2 /* XCRemoteSwiftPackageReference "firebase-ios-sdk" */;
			productName = FirebaseDatabaseSwift;
		};
		D1BFEE812C367620006492F2 /* FirebaseFirestore */ = {
			isa = XCSwiftPackageProductDependency;
			package = D1BFEE782C367620006492F2 /* XCRemoteSwiftPackageReference "firebase-ios-sdk" */;
			productName = FirebaseFirestore;
		};
		D1BFEE832C367620006492F2 /* FirebaseFirestoreSwift */ = {
			isa = XCSwiftPackageProductDependency;
			package = D1BFEE782C367620006492F2 /* XCRemoteSwiftPackageReference "firebase-ios-sdk" */;
			productName = FirebaseFirestoreSwift;
		};
		D1BFEE852C367620006492F2 /* FirebaseStorage */ = {
			isa = XCSwiftPackageProductDependency;
			package = D1BFEE782C367620006492F2 /* XCRemoteSwiftPackageReference "firebase-ios-sdk" */;
			productName = FirebaseStorage;
		};
/* End XCSwiftPackageProductDependency section */
	};
	rootObject = D1F8C0D52C35407C0060C30E /* Project object */;
}
